
Microsoft Visual Studio Solution File, Format Version 12.00
# Visual Studio Version 17
VisualStudioVersion = 17.8.34316.72
MinimumVisualStudioVersion = 10.0.40219.1
Project("{FAE04EC0-301F-11D3-BF4B-00C04F79EFBC}") = "OpenAiDotNet", "OpenAiDotNet.csproj", "{08BAE104-CEAE-4429-A2C9-9D9BE1A7360A}"
EndProject
Global
	GlobalSection(SolutionConfigurationPlatforms) = preSolution
		Debug|Any CPU = Debug|Any CPU
		Release|Any CPU = Release|Any CPU
	EndGlobalSection
	GlobalSection(ProjectConfigurationPlatforms) = postSolution
		{08BAE104-CEAE-4429-A2C9-9D9BE1A7360A}.Debug|Any CPU.ActiveCfg = Debug|Any CPU
		{08BAE104-CEAE-4429-A2C9-9D9BE1A7360A}.Debug|Any CPU.Build.0 = Debug|Any CPU
		{08BAE104-CEAE-4429-A2C9-9D9BE1A7360A}.Release|Any CPU.ActiveCfg = Release|Any CPU
		{08BAE104-CEAE-4429-A2C9-9D9BE1A7360A}.Release|Any CPU.Build.0 = Release|Any CPU
	EndGlobalSection
	GlobalSection(SolutionProperties) = preSolution
		HideSolutionNode = FALSE
	EndGlobalSection
	GlobalSection(ExtensibilityGlobals) = postSolution
		SolutionGuid = {587BCD0D-0438-48AD-AA46-BE937426B023}
	EndGlobalSection
EndGlobal
